{
  "originHash" : "a47658087e2e5e6b3c641f3ead5c56fe15ca086206764434a34a347034ee2c54",
  "pins" : [
    {
      "identity" : "zerosettlekit",
      "kind" : "remoteSourceControl",
      "location" : "https://github.com/zerosettle/ZeroSettleKit.git",
      "state" : {
        "revision" : "6d93c686664a4aa121c4545c77418260f71ddbec",
        "version" : "1.0.31"
      }
    }
  ],
  "version" : 3
}
